
Microsoft Visual Studio Solution File, Format Version 12.00
# Visual Studio 15
VisualStudioVersion = 15.0.27130.2027
MinimumVisualStudioVersion = 10.0.40219.1
Project("{FAE04EC0-301F-11D3-BF4B-00C04F79EFBC}") = "NET.S.2018.Popivnenko.05.Polynom", "NET.S.2018.Popivnenko.05\NET.S.2018.Popivnenko.05.Polynom.csproj", "{5967321E-2287-4EF8-B175-37223E541E11}"
EndProject
Project("{FAE04EC0-301F-11D3-BF4B-00C04F79EFBC}") = "NET.S.2018.Popivnenko.Polynom.Test", "NET.S.2018.Popivnenko.Polynom.Test\NET.S.2018.Popivnenko.Polynom.Test.csproj", "{2D1F935C-5CD0-4A67-A24E-E72D89CD3420}"
EndProject
Project("{FAE04EC0-301F-11D3-BF4B-00C04F79EFBC}") = "TestConsoleApp", "TestConsoleApp\TestConsoleApp.csproj", "{F7434D93-35DB-42E5-B84A-20A8398EF588}"
EndProject
Global
	GlobalSection(SolutionConfigurationPlatforms) = preSolution
		Debug|Any CPU = Debug|Any CPU
		Release|Any CPU = Release|Any CPU
	EndGlobalSection
	GlobalSection(ProjectConfigurationPlatforms) = postSolution
		{5967321E-2287-4EF8-B175-37223E541E11}.Debug|Any CPU.ActiveCfg = Debug|Any CPU
		{5967321E-2287-4EF8-B175-37223E541E11}.Debug|Any CPU.Build.0 = Debug|Any CPU
		{5967321E-2287-4EF8-B175-37223E541E11}.Release|Any CPU.ActiveCfg = Release|Any CPU
		{5967321E-2287-4EF8-B175-37223E541E11}.Release|Any CPU.Build.0 = Release|Any CPU
		{2D1F935C-5CD0-4A67-A24E-E72D89CD3420}.Debug|Any CPU.ActiveCfg = Debug|Any CPU
		{2D1F935C-5CD0-4A67-A24E-E72D89CD3420}.Debug|Any CPU.Build.0 = Debug|Any CPU
		{2D1F935C-5CD0-4A67-A24E-E72D89CD3420}.Release|Any CPU.ActiveCfg = Release|Any CPU
		{2D1F935C-5CD0-4A67-A24E-E72D89CD3420}.Release|Any CPU.Build.0 = Release|Any CPU
		{F7434D93-35DB-42E5-B84A-20A8398EF588}.Debug|Any CPU.ActiveCfg = Debug|Any CPU
		{F7434D93-35DB-42E5-B84A-20A8398EF588}.Debug|Any CPU.Build.0 = Debug|Any CPU
		{F7434D93-35DB-42E5-B84A-20A8398EF588}.Release|Any CPU.ActiveCfg = Release|Any CPU
		{F7434D93-35DB-42E5-B84A-20A8398EF588}.Release|Any CPU.Build.0 = Release|Any CPU
	EndGlobalSection
	GlobalSection(SolutionProperties) = preSolution
		HideSolutionNode = FALSE
	EndGlobalSection
	GlobalSection(ExtensibilityGlobals) = postSolution
		SolutionGuid = {299A7E0F-6333-4554-9F33-042650B54BCF}
	EndGlobalSection
EndGlobal
